github.com/PlayerR9/MyGoLib v0.2.19 h1:wAoglDrfZBL2vD3LlgDztwfHXwq94E7Eh7t5yJXfa9w=
github.com/PlayerR9/MyGoLib v0.2.19/go.mod h1:WnMKGWjZHJv2oPjSYhybp6OSYRWX4j/7PLixGHNaJ3U=
github.com/PlayerR9/MyGoLib v0.2.20 h1:zVv7x1T/fM0ykPqB8GQdXVOm2dv1wUJxDI8uxCQbDD0=
github.com/PlayerR9/MyGoLib v0.2.20/go.mod h1:WnMKGWjZHJv2oPjSYhybp6OSYRWX4j/7PLixGHNaJ3U=
